// !$*UTF8*$!
{
	archiveVersion = 1;
	classes = {
	};
	objectVersion = 63;
	objects = {

/* Begin PBXBuildFile section */
		F36F7FB52C9E330E0007F120 /* New Group View.swift in Sources */ = {isa = PBXBuildFile; fileRef = F36F7FB42C9E330E0007F120 /* New Group View.swift */; };
		F36F7FB82C9ECC4B0007F120 /* Group Card.swift in Sources */ = {isa = PBXBuildFile; fileRef = F36F7FB72C9ECC4B0007F120 /* Group Card.swift */; };
		F36F7FBA2C9F1C8E0007F120 /* Home View.swift in Sources */ = {isa = PBXBuildFile; fileRef = F36F7FB92C9F1C8E0007F120 /* Home View.swift */; };
		F36F7FBC2C9F1D020007F120 /* Schedule View.swift in Sources */ = {isa = PBXBuildFile; fileRef = F36F7FBB2C9F1D020007F120 /* Schedule View.swift */; };
		F385DCB22C9E26E50008AD02 /* App Container.swift in Sources */ = {isa = PBXBuildFile; fileRef = F385DCB12C9E26E50008AD02 /* App Container.swift */; };
		F385DCB52C9E27370008AD02 /* Group VM.swift in Sources */ = {isa = PBXBuildFile; fileRef = F385DCB42C9E27370008AD02 /* Group VM.swift */; };
		F385DCB72C9E27CF0008AD02 /* Group Model.swift in Sources */ = {isa = PBXBuildFile; fileRef = F385DCB62C9E27CF0008AD02 /* Group Model.swift */; };
		F385DCBA2C9E2B9D0008AD02 /* ScrechKit in Frameworks */ = {isa = PBXBuildFile; productRef = F385DCB92C9E2B9D0008AD02 /* ScrechKit */; };
		F385DCBC2C9E2BC10008AD02 /* New Group Card.swift in Sources */ = {isa = PBXBuildFile; fileRef = F385DCBB2C9E2BC10008AD02 /* New Group Card.swift */; };
		F385DCBE2C9E2F980008AD02 /* Selected Group .swift in Sources */ = {isa = PBXBuildFile; fileRef = F385DCBD2C9E2F980008AD02 /* Selected Group .swift */; };
		F3C526BD2C7F34EA007E4644 /* Goida App.swift in Sources */ = {isa = PBXBuildFile; fileRef = F3C526BC2C7F34EA007E4644 /* Goida App.swift */; };
		F3C526BF2C7F34EB007E4644 /* Group List.swift in Sources */ = {isa = PBXBuildFile; fileRef = F3C526BE2C7F34EB007E4644 /* Group List.swift */; };
		F3C526C12C7F34EB007E4644 /* Assets.xcassets in Resources */ = {isa = PBXBuildFile; fileRef = F3C526C02C7F34EB007E4644 /* Assets.xcassets */; };
/* End PBXBuildFile section */

/* Begin PBXFileReference section */
		F36F7FB42C9E330E0007F120 /* New Group View.swift */ = {isa = PBXFileReference; lastKnownFileType = sourcecode.swift; path = "New Group View.swift"; sourceTree = "<group>"; };
		F36F7FB72C9ECC4B0007F120 /* Group Card.swift */ = {isa = PBXFileReference; lastKnownFileType = sourcecode.swift; path = "Group Card.swift"; sourceTree = "<group>"; };
		F36F7FB92C9F1C8E0007F120 /* Home View.swift */ = {isa = PBXFileReference; lastKnownFileType = sourcecode.swift; path = "Home View.swift"; sourceTree = "<group>"; };
		F36F7FBB2C9F1D020007F120 /* Schedule View.swift */ = {isa = PBXFileReference; lastKnownFileType = sourcecode.swift; path = "Schedule View.swift"; sourceTree = "<group>"; };
		F385DCB12C9E26E50008AD02 /* App Container.swift */ = {isa = PBXFileReference; lastKnownFileType = sourcecode.swift; path = "App Container.swift"; sourceTree = "<group>"; };
		F385DCB42C9E27370008AD02 /* Group VM.swift */ = {isa = PBXFileReference; lastKnownFileType = sourcecode.swift; path = "Group VM.swift"; sourceTree = "<group>"; };
		F385DCB62C9E27CF0008AD02 /* Group Model.swift */ = {isa = PBXFileReference; lastKnownFileType = sourcecode.swift; path = "Group Model.swift"; sourceTree = "<group>"; };
		F385DCBB2C9E2BC10008AD02 /* New Group Card.swift */ = {isa = PBXFileReference; lastKnownFileType = sourcecode.swift; path = "New Group Card.swift"; sourceTree = "<group>"; };
		F385DCBD2C9E2F980008AD02 /* Selected Group .swift */ = {isa = PBXFileReference; lastKnownFileType = sourcecode.swift; path = "Selected Group .swift"; sourceTree = "<group>"; };
		F3C526B92C7F34EA007E4644 /* Goida.app */ = {isa = PBXFileReference; explicitFileType = wrapper.application; includeInIndex = 0; path = Goida.app; sourceTree = BUILT_PRODUCTS_DIR; };
		F3C526BC2C7F34EA007E4644 /* Goida App.swift */ = {isa = PBXFileReference; lastKnownFileType = sourcecode.swift; path = "Goida App.swift"; sourceTree = "<group>"; };
		F3C526BE2C7F34EB007E4644 /* Group List.swift */ = {isa = PBXFileReference; lastKnownFileType = sourcecode.swift; path = "Group List.swift"; sourceTree = "<group>"; };
		F3C526C02C7F34EB007E4644 /* Assets.xcassets */ = {isa = PBXFileReference; lastKnownFileType = folder.assetcatalog; path = Assets.xcassets; sourceTree = "<group>"; };
		F3C526C22C7F34EB007E4644 /* Goida.entitlements */ = {isa = PBXFileReference; lastKnownFileType = text.plist.entitlements; path = Goida.entitlements; sourceTree = "<group>"; };
/* End PBXFileReference section */

/* Begin PBXFrameworksBuildPhase section */
		F3C526B62C7F34EA007E4644 /* Frameworks */ = {
			isa = PBXFrameworksBuildPhase;
			buildActionMask = 2147483647;
			files = (
				F385DCBA2C9E2B9D0008AD02 /* ScrechKit in Frameworks */,
			);
			runOnlyForDeploymentPostprocessing = 0;
		};
/* End PBXFrameworksBuildPhase section */

/* Begin PBXGroup section */
		F36F7FB62C9E33420007F120 /* Groups */ = {
			isa = PBXGroup;
			children = (
				F36F7FB42C9E330E0007F120 /* New Group View.swift */,
				F385DCB42C9E27370008AD02 /* Group VM.swift */,
				F385DCBB2C9E2BC10008AD02 /* New Group Card.swift */,
				F36F7FB72C9ECC4B0007F120 /* Group Card.swift */,
			);
			path = Groups;
			sourceTree = "<group>";
		};
		F36F7FBD2C9F1D1D0007F120 /* Schedule */ = {
			isa = PBXGroup;
			children = (
				F36F7FBB2C9F1D020007F120 /* Schedule View.swift */,
			);
			path = Schedule;
			sourceTree = "<group>";
		};
		F385DCB32C9E26F30008AD02 /* Navigation */ = {
			isa = PBXGroup;
			children = (
				F385DCB12C9E26E50008AD02 /* App Container.swift */,
			);
			path = Navigation;
			sourceTree = "<group>";
		};
		F3C526B02C7F34EA007E4644 = {
			isa = PBXGroup;
			children = (
				F3C526CB2C7F3504007E4644 /* Goida */,
				F3C526BA2C7F34EA007E4644 /* Products */,
			);
			sourceTree = "<group>";
		};
		F3C526BA2C7F34EA007E4644 /* Products */ = {
			isa = PBXGroup;
			children = (
				F3C526B92C7F34EA007E4644 /* Goida.app */,
			);
			name = Products;
			sourceTree = "<group>";
		};
		F3C526CB2C7F3504007E4644 /* Goida */ = {
			isa = PBXGroup;
			children = (
				F3C526BC2C7F34EA007E4644 /* Goida App.swift */,
				F385DCB32C9E26F30008AD02 /* Navigation */,
				F385DCBD2C9E2F980008AD02 /* Selected Group .swift */,
				F3C526C02C7F34EB007E4644 /* Assets.xcassets */,
				F3C526C22C7F34EB007E4644 /* Goida.entitlements */,
				F3C526BE2C7F34EB007E4644 /* Group List.swift */,
				F36F7FB92C9F1C8E0007F120 /* Home View.swift */,
				F36F7FBD2C9F1D1D0007F120 /* Schedule */,
				F385DCB62C9E27CF0008AD02 /* Group Model.swift */,
				F36F7FB62C9E33420007F120 /* Groups */,
			);
			path = Goida;
			sourceTree = "<group>";
		};
/* End PBXGroup section */

/* Begin PBXNativeTarget section */
		F3C526B82C7F34EA007E4644 /* Goida */ = {
			isa = PBXNativeTarget;
			buildConfigurationList = F3C526C82C7F34EB007E4644 /* Build configuration list for PBXNativeTarget "Goida" */;
			buildPhases = (
				F3C526B52C7F34EA007E4644 /* Sources */,
				F3C526B62C7F34EA007E4644 /* Frameworks */,
				F3C526B72C7F34EA007E4644 /* Resources */,
			);
			buildRules = (
			);
			dependencies = (
			);
			name = Goida;
			packageProductDependencies = (
				F385DCB92C9E2B9D0008AD02 /* ScrechKit */,
			);
			productName = Goida;
			productReference = F3C526B92C7F34EA007E4644 /* Goida.app */;
			productType = "com.apple.product-type.application";
		};
/* End PBXNativeTarget section */

/* Begin PBXProject section */
		F3C526B12C7F34EA007E4644 /* Project object */ = {
			isa = PBXProject;
			attributes = {
				BuildIndependentTargetsInParallel = 1;
				LastSwiftUpdateCheck = 1610;
				LastUpgradeCheck = 1610;
				TargetAttributes = {
					F3C526B82C7F34EA007E4644 = {
						CreatedOnToolsVersion = 16.1;
					};
				};
			};
			buildConfigurationList = F3C526B42C7F34EA007E4644 /* Build configuration list for PBXProject "Goida" */;
			compatibilityVersion = "Xcode 15.3";
			developmentRegion = en;
			hasScannedForEncodings = 0;
			knownRegions = (
				en,
				Base,
			);
			mainGroup = F3C526B02C7F34EA007E4644;
			minimizedProjectReferenceProxies = 1;
			packageReferences = (
				F385DCB82C9E2B9D0008AD02 /* XCRemoteSwiftPackageReference "ScrechKit" */,
			);
			productRefGroup = F3C526BA2C7F34EA007E4644 /* Products */;
			projectDirPath = "";
			projectRoot = "";
			targets = (
				F3C526B82C7F34EA007E4644 /* Goida */,
			);
		};
/* End PBXProject section */

/* Begin PBXResourcesBuildPhase section */
		F3C526B72C7F34EA007E4644 /* Resources */ = {
			isa = PBXResourcesBuildPhase;
			buildActionMask = 2147483647;
			files = (
				F3C526C12C7F34EB007E4644 /* Assets.xcassets in Resources */,
			);
			runOnlyForDeploymentPostprocessing = 0;
		};
/* End PBXResourcesBuildPhase section */

/* Begin PBXSourcesBuildPhase section */
		F3C526B52C7F34EA007E4644 /* Sources */ = {
			isa = PBXSourcesBuildPhase;
			buildActionMask = 2147483647;
			files = (
				F385DCB52C9E27370008AD02 /* Group VM.swift in Sources */,
				F36F7FBC2C9F1D020007F120 /* Schedule View.swift in Sources */,
				F36F7FB52C9E330E0007F120 /* New Group View.swift in Sources */,
				F385DCBC2C9E2BC10008AD02 /* New Group Card.swift in Sources */,
				F3C526BF2C7F34EB007E4644 /* Group List.swift in Sources */,
				F36F7FBA2C9F1C8E0007F120 /* Home View.swift in Sources */,
				F3C526BD2C7F34EA007E4644 /* Goida App.swift in Sources */,
				F385DCB72C9E27CF0008AD02 /* Group Model.swift in Sources */,
				F36F7FB82C9ECC4B0007F120 /* Group Card.swift in Sources */,
				F385DCB22C9E26E50008AD02 /* App Container.swift in Sources */,
				F385DCBE2C9E2F980008AD02 /* Selected Group .swift in Sources */,
			);
			runOnlyForDeploymentPostprocessing = 0;
		};
/* End PBXSourcesBuildPhase section */

/* Begin XCBuildConfiguration section */
		F3C526C62C7F34EB007E4644 /* Debug */ = {
			isa = XCBuildConfiguration;
			buildSettings = {
				ALWAYS_SEARCH_USER_PATHS = NO;
				ASSETCATALOG_COMPILER_GENERATE_SWIFT_ASSET_SYMBOL_EXTENSIONS = YES;
				CLANG_ANALYZER_NONNULL = YES;
				CLANG_ANALYZER_NUMBER_OBJECT_CONVERSION = YES_AGGRESSIVE;
				CLANG_CXX_LANGUAGE_STANDARD = "gnu++20";
				CLANG_ENABLE_MODULES = YES;
				CLANG_ENABLE_OBJC_ARC = YES;
				CLANG_ENABLE_OBJC_WEAK = YES;
				CLANG_WARN_BLOCK_CAPTURE_AUTORELEASING = YES;
				CLANG_WARN_BOOL_CONVERSION = YES;
				CLANG_WARN_COMMA = YES;
				CLANG_WARN_CONSTANT_CONVERSION = YES;
				CLANG_WARN_DEPRECATED_OBJC_IMPLEMENTATIONS = YES;
				CLANG_WARN_DIRECT_OBJC_ISA_USAGE = YES_ERROR;
				CLANG_WARN_DOCUMENTATION_COMMENTS = YES;
				CLANG_WARN_EMPTY_BODY = YES;
				CLANG_WARN_ENUM_CONVERSION = YES;
				CLANG_WARN_INFINITE_RECURSION = YES;
				CLANG_WARN_INT_CONVERSION = YES;
				CLANG_WARN_NON_LITERAL_NULL_CONVERSION = YES;
				CLANG_WARN_OBJC_IMPLICIT_RETAIN_SELF = YES;
				CLANG_WARN_OBJC_LITERAL_CONVERSION = YES;
				CLANG_WARN_OBJC_ROOT_CLASS = YES_ERROR;
				CLANG_WARN_QUOTED_INCLUDE_IN_FRAMEWORK_HEADER = YES;
				CLANG_WARN_RANGE_LOOP_ANALYSIS = YES;
				CLANG_WARN_STRICT_PROTOTYPES = YES;
				CLANG_WARN_SUSPICIOUS_MOVE = YES;
				CLANG_WARN_UNGUARDED_AVAILABILITY = YES_AGGRESSIVE;
				CLANG_WARN_UNREACHABLE_CODE = YES;
				CLANG_WARN__DUPLICATE_METHOD_MATCH = YES;
				COPY_PHASE_STRIP = NO;
				DEBUG_INFORMATION_FORMAT = dwarf;
				ENABLE_STRICT_OBJC_MSGSEND = YES;
				ENABLE_TESTABILITY = YES;
				ENABLE_USER_SCRIPT_SANDBOXING = YES;
				GCC_C_LANGUAGE_STANDARD = gnu17;
				GCC_DYNAMIC_NO_PIC = NO;
				GCC_NO_COMMON_BLOCKS = YES;
				GCC_OPTIMIZATION_LEVEL = 0;
				GCC_PREPROCESSOR_DEFINITIONS = (
					"DEBUG=1",
					"$(inherited)",
				);
				GCC_WARN_64_TO_32_BIT_CONVERSION = YES;
				GCC_WARN_ABOUT_RETURN_TYPE = YES_ERROR;
				GCC_WARN_UNDECLARED_SELECTOR = YES;
				GCC_WARN_UNINITIALIZED_AUTOS = YES_AGGRESSIVE;
				GCC_WARN_UNUSED_FUNCTION = YES;
				GCC_WARN_UNUSED_VARIABLE = YES;
				LOCALIZATION_PREFERS_STRING_CATALOGS = YES;
				MTL_ENABLE_DEBUG_INFO = INCLUDE_SOURCE;
				MTL_FAST_MATH = YES;
				ONLY_ACTIVE_ARCH = YES;
				SWIFT_ACTIVE_COMPILATION_CONDITIONS = "DEBUG $(inherited)";
				SWIFT_OPTIMIZATION_LEVEL = "-Onone";
			};
			name = Debug;
		};
		F3C526C72C7F34EB007E4644 /* Release */ = {
			isa = XCBuildConfiguration;
			buildSettings = {
				ALWAYS_SEARCH_USER_PATHS = NO;
				ASSETCATALOG_COMPILER_GENERATE_SWIFT_ASSET_SYMBOL_EXTENSIONS = YES;
				CLANG_ANALYZER_NONNULL = YES;
				CLANG_ANALYZER_NUMBER_OBJECT_CONVERSION = YES_AGGRESSIVE;
				CLANG_CXX_LANGUAGE_STANDARD = "gnu++20";
				CLANG_ENABLE_MODULES = YES;
				CLANG_ENABLE_OBJC_ARC = YES;
				CLANG_ENABLE_OBJC_WEAK = YES;
				CLANG_WARN_BLOCK_CAPTURE_AUTORELEASING = YES;
				CLANG_WARN_BOOL_CONVERSION = YES;
				CLANG_WARN_COMMA = YES;
				CLANG_WARN_CONSTANT_CONVERSION = YES;
				CLANG_WARN_DEPRECATED_OBJC_IMPLEMENTATIONS = YES;
				CLANG_WARN_DIRECT_OBJC_ISA_USAGE = YES_ERROR;
				CLANG_WARN_DOCUMENTATION_COMMENTS = YES;
				CLANG_WARN_EMPTY_BODY = YES;
				CLANG_WARN_ENUM_CONVERSION = YES;
				CLANG_WARN_INFINITE_RECURSION = YES;
				CLANG_WARN_INT_CONVERSION = YES;
				CLANG_WARN_NON_LITERAL_NULL_CONVERSION = YES;
				CLANG_WARN_OBJC_IMPLICIT_RETAIN_SELF = YES;
				CLANG_WARN_OBJC_LITERAL_CONVERSION = YES;
				CLANG_WARN_OBJC_ROOT_CLASS = YES_ERROR;
				CLANG_WARN_QUOTED_INCLUDE_IN_FRAMEWORK_HEADER = YES;
				CLANG_WARN_RANGE_LOOP_ANALYSIS = YES;
				CLANG_WARN_STRICT_PROTOTYPES = YES;
				CLANG_WARN_SUSPICIOUS_MOVE = YES;
				CLANG_WARN_UNGUARDED_AVAILABILITY = YES_AGGRESSIVE;
				CLANG_WARN_UNREACHABLE_CODE = YES;
				CLANG_WARN__DUPLICATE_METHOD_MATCH = YES;
				COPY_PHASE_STRIP = NO;
				DEBUG_INFORMATION_FORMAT = "dwarf-with-dsym";
				ENABLE_NS_ASSERTIONS = NO;
				ENABLE_STRICT_OBJC_MSGSEND = YES;
				ENABLE_USER_SCRIPT_SANDBOXING = YES;
				GCC_C_LANGUAGE_STANDARD = gnu17;
				GCC_NO_COMMON_BLOCKS = YES;
				GCC_WARN_64_TO_32_BIT_CONVERSION = YES;
				GCC_WARN_ABOUT_RETURN_TYPE = YES_ERROR;
				GCC_WARN_UNDECLARED_SELECTOR = YES;
				GCC_WARN_UNINITIALIZED_AUTOS = YES_AGGRESSIVE;
				GCC_WARN_UNUSED_FUNCTION = YES;
				GCC_WARN_UNUSED_VARIABLE = YES;
				LOCALIZATION_PREFERS_STRING_CATALOGS = YES;
				MTL_ENABLE_DEBUG_INFO = NO;
				MTL_FAST_MATH = YES;
				SWIFT_COMPILATION_MODE = wholemodule;
			};
			name = Release;
		};
		F3C526C92C7F34EB007E4644 /* Debug */ = {
			isa = XCBuildConfiguration;
			buildSettings = {
				ASSETCATALOG_COMPILER_APPICON_NAME = AppIcon;
				ASSETCATALOG_COMPILER_GLOBAL_ACCENT_COLOR_NAME = AccentColor;
				CODE_SIGN_ENTITLEMENTS = Goida/Goida.entitlements;
				CODE_SIGN_STYLE = Automatic;
				CURRENT_PROJECT_VERSION = 1;
				DEVELOPMENT_TEAM = 8FQUA2F388;
				ENABLE_HARDENED_RUNTIME = YES;
				ENABLE_PREVIEWS = YES;
				GENERATE_INFOPLIST_FILE = YES;
				INFOPLIST_KEY_CFBundleDisplayName = Goida;
				INFOPLIST_KEY_LSApplicationCategoryType = "public.app-category.education";
				"INFOPLIST_KEY_UIApplicationSceneManifest_Generation[sdk=iphoneos*]" = YES;
				"INFOPLIST_KEY_UIApplicationSceneManifest_Generation[sdk=iphonesimulator*]" = YES;
				"INFOPLIST_KEY_UIApplicationSupportsIndirectInputEvents[sdk=iphoneos*]" = YES;
				"INFOPLIST_KEY_UIApplicationSupportsIndirectInputEvents[sdk=iphonesimulator*]" = YES;
				"INFOPLIST_KEY_UILaunchScreen_Generation[sdk=iphoneos*]" = YES;
				"INFOPLIST_KEY_UILaunchScreen_Generation[sdk=iphonesimulator*]" = YES;
				"INFOPLIST_KEY_UIStatusBarStyle[sdk=iphoneos*]" = UIStatusBarStyleDefault;
				"INFOPLIST_KEY_UIStatusBarStyle[sdk=iphonesimulator*]" = UIStatusBarStyleDefault;
				INFOPLIST_KEY_UISupportedInterfaceOrientations = "UIInterfaceOrientationLandscapeLeft UIInterfaceOrientationLandscapeRight UIInterfaceOrientationPortrait UIInterfaceOrientationPortraitUpsideDown";
				IPHONEOS_DEPLOYMENT_TARGET = 17.0;
				LD_RUNPATH_SEARCH_PATHS = "@executable_path/Frameworks";
				"LD_RUNPATH_SEARCH_PATHS[sdk=macosx*]" = "@executable_path/../Frameworks";
				MACOSX_DEPLOYMENT_TARGET = 14.0;
				MARKETING_VERSION = 1.0;
				PRODUCT_BUNDLE_IDENTIFIER = dev.topscrech.Goida;
				PRODUCT_NAME = "$(TARGET_NAME)";
				SDKROOT = auto;
				SUPPORTED_PLATFORMS = "iphoneos iphonesimulator macosx xros xrsimulator";
				SWIFT_EMIT_LOC_STRINGS = YES;
				SWIFT_VERSION = 5.0;
				TARGETED_DEVICE_FAMILY = "1,2,7";
				XROS_DEPLOYMENT_TARGET = 1.0;
			};
			name = Debug;
		};
		F3C526CA2C7F34EB007E4644 /* Release */ = {
			isa = XCBuildConfiguration;
			buildSettings = {
				ASSETCATALOG_COMPILER_APPICON_NAME = AppIcon;
				ASSETCATALOG_COMPILER_GLOBAL_ACCENT_COLOR_NAME = AccentColor;
				CODE_SIGN_ENTITLEMENTS = Goida/Goida.entitlements;
				CODE_SIGN_STYLE = Automatic;
				CURRENT_PROJECT_VERSION = 1;
				DEVELOPMENT_TEAM = 8FQUA2F388;
				ENABLE_HARDENED_RUNTIME = YES;
				ENABLE_PREVIEWS = YES;
				GENERATE_INFOPLIST_FILE = YES;
				INFOPLIST_KEY_CFBundleDisplayName = Goida;
				INFOPLIST_KEY_LSApplicationCategoryType = "public.app-category.education";
				"INFOPLIST_KEY_UIApplicationSceneManifest_Generation[sdk=iphoneos*]" = YES;
				"INFOPLIST_KEY_UIApplicationSceneManifest_Generation[sdk=iphonesimulator*]" = YES;
				"INFOPLIST_KEY_UIApplicationSupportsIndirectInputEvents[sdk=iphoneos*]" = YES;
				"INFOPLIST_KEY_UIApplicationSupportsIndirectInputEvents[sdk=iphonesimulator*]" = YES;
				"INFOPLIST_KEY_UILaunchScreen_Generation[sdk=iphoneos*]" = YES;
				"INFOPLIST_KEY_UILaunchScreen_Generation[sdk=iphonesimulator*]" = YES;
				"INFOPLIST_KEY_UIStatusBarStyle[sdk=iphoneos*]" = UIStatusBarStyleDefault;
				"INFOPLIST_KEY_UIStatusBarStyle[sdk=iphonesimulator*]" = UIStatusBarStyleDefault;
				INFOPLIST_KEY_UISupportedInterfaceOrientations = "UIInterfaceOrientationLandscapeLeft UIInterfaceOrientationLandscapeRight UIInterfaceOrientationPortrait UIInterfaceOrientationPortraitUpsideDown";
				IPHONEOS_DEPLOYMENT_TARGET = 17.0;
				LD_RUNPATH_SEARCH_PATHS = "@executable_path/Frameworks";
				"LD_RUNPATH_SEARCH_PATHS[sdk=macosx*]" = "@executable_path/../Frameworks";
				MACOSX_DEPLOYMENT_TARGET = 14.0;
				MARKETING_VERSION = 1.0;
				PRODUCT_BUNDLE_IDENTIFIER = dev.topscrech.Goida;
				PRODUCT_NAME = "$(TARGET_NAME)";
				SDKROOT = auto;
				SUPPORTED_PLATFORMS = "iphoneos iphonesimulator macosx xros xrsimulator";
				SWIFT_EMIT_LOC_STRINGS = YES;
				SWIFT_VERSION = 5.0;
				TARGETED_DEVICE_FAMILY = "1,2,7";
				XROS_DEPLOYMENT_TARGET = 1.0;
			};
			name = Release;
		};
/* End XCBuildConfiguration section */

/* Begin XCConfigurationList section */
		F3C526B42C7F34EA007E4644 /* Build configuration list for PBXProject "Goida" */ = {
			isa = XCConfigurationList;
			buildConfigurations = (
				F3C526C62C7F34EB007E4644 /* Debug */,
				F3C526C72C7F34EB007E4644 /* Release */,
			);
			defaultConfigurationIsVisible = 0;
			defaultConfigurationName = Release;
		};
		F3C526C82C7F34EB007E4644 /* Build configuration list for PBXNativeTarget "Goida" */ = {
			isa = XCConfigurationList;
			buildConfigurations = (
				F3C526C92C7F34EB007E4644 /* Debug */,
				F3C526CA2C7F34EB007E4644 /* Release */,
			);
			defaultConfigurationIsVisible = 0;
			defaultConfigurationName = Release;
		};
/* End XCConfigurationList section */

/* Begin XCRemoteSwiftPackageReference section */
		F385DCB82C9E2B9D0008AD02 /* XCRemoteSwiftPackageReference "ScrechKit" */ = {
			isa = XCRemoteSwiftPackageReference;
			repositoryURL = "https://github.com/TopScrech/ScrechKit";
			requirement = {
				branch = main;
				kind = branch;
			};
		};
/* End XCRemoteSwiftPackageReference section */

/* Begin XCSwiftPackageProductDependency section */
		F385DCB92C9E2B9D0008AD02 /* ScrechKit */ = {
			isa = XCSwiftPackageProductDependency;
			package = F385DCB82C9E2B9D0008AD02 /* XCRemoteSwiftPackageReference "ScrechKit" */;
			productName = ScrechKit;
		};
/* End XCSwiftPackageProductDependency section */
	};
	rootObject = F3C526B12C7F34EA007E4644 /* Project object */;
}
